// !$*UTF8*$!
{
	archiveVersion = 1;
	classes = {
	};
	objectVersion = 46;
	objects = {

/* Begin PBXBuildFile section */
		DA0CA9371CD6147E00B32C0E /* LICENSE in Resources */ = {isa = PBXBuildFile; fileRef = DA0CA9361CD6147E00B32C0E /* LICENSE */; };
		DA19D0B01CCA05B800270319 /* AppDelegate.swift in Sources */ = {isa = PBXBuildFile; fileRef = DA19D0AF1CCA05B800270319 /* AppDelegate.swift */; };
		DA19D0B51CCA05B800270319 /* Main.storyboard in Resources */ = {isa = PBXBuildFile; fileRef = DA19D0B31CCA05B800270319 /* Main.storyboard */; };
		DA19D0B71CCA05B800270319 /* Assets.xcassets in Resources */ = {isa = PBXBuildFile; fileRef = DA19D0B61CCA05B800270319 /* Assets.xcassets */; };
		DA19D0BA1CCA05B800270319 /* LaunchScreen.storyboard in Resources */ = {isa = PBXBuildFile; fileRef = DA19D0B81CCA05B800270319 /* LaunchScreen.storyboard */; };
		DA19D0C41CCA14E000270319 /* SongsTableViewController.swift in Sources */ = {isa = PBXBuildFile; fileRef = DA19D0C31CCA14E000270319 /* SongsTableViewController.swift */; };
		DA19D0C81CCA159200270319 /* SongsTableViewCell.swift in Sources */ = {isa = PBXBuildFile; fileRef = DA19D0C71CCA159200270319 /* SongsTableViewCell.swift */; };
		DA19D0CA1CCA190B00270319 /* Modelo.swift in Sources */ = {isa = PBXBuildFile; fileRef = DA19D0C91CCA190B00270319 /* Modelo.swift */; };
		DA19D0CC1CCA325C00270319 /* MainViewController.swift in Sources */ = {isa = PBXBuildFile; fileRef = DA19D0CB1CCA325C00270319 /* MainViewController.swift */; };
		DAE53A441CD27D6700B278C3 /* download-on-itunes-button.png in Resources */ = {isa = PBXBuildFile; fileRef = DAE53A431CD27D6700B278C3 /* download-on-itunes-button.png */; };
/* End PBXBuildFile section */

/* Begin PBXFileReference section */
		DA0CA9361CD6147E00B32C0E /* LICENSE */ = {isa = PBXFileReference; fileEncoding = 4; lastKnownFileType = text; path = LICENSE; sourceTree = "<group>"; };
		DA19D0AC1CCA05B800270319 /* SongApp.app */ = {isa = PBXFileReference; explicitFileType = wrapper.application; includeInIndex = 0; path = SongApp.app; sourceTree = BUILT_PRODUCTS_DIR; };
		DA19D0AF1CCA05B800270319 /* AppDelegate.swift */ = {isa = PBXFileReference; lastKnownFileType = sourcecode.swift; path = AppDelegate.swift; sourceTree = "<group>"; };
		DA19D0B41CCA05B800270319 /* Base */ = {isa = PBXFileReference; lastKnownFileType = file.storyboard; name = Base; path = Base.lproj/Main.storyboard; sourceTree = "<group>"; };
		DA19D0B61CCA05B800270319 /* Assets.xcassets */ = {isa = PBXFileReference; lastKnownFileType = folder.assetcatalog; path = Assets.xcassets; sourceTree = "<group>"; };
		DA19D0B91CCA05B800270319 /* Base */ = {isa = PBXFileReference; lastKnownFileType = file.storyboard; name = Base; path = Base.lproj/LaunchScreen.storyboard; sourceTree = "<group>"; };
		DA19D0BB1CCA05B800270319 /* Info.plist */ = {isa = PBXFileReference; lastKnownFileType = text.plist.xml; path = Info.plist; sourceTree = "<group>"; };
		DA19D0C31CCA14E000270319 /* SongsTableViewController.swift */ = {isa = PBXFileReference; fileEncoding = 4; lastKnownFileType = sourcecode.swift; path = SongsTableViewController.swift; sourceTree = "<group>"; };
		DA19D0C71CCA159200270319 /* SongsTableViewCell.swift */ = {isa = PBXFileReference; fileEncoding = 4; lastKnownFileType = sourcecode.swift; path = SongsTableViewCell.swift; sourceTree = "<group>"; };
		DA19D0C91CCA190B00270319 /* Modelo.swift */ = {isa = PBXFileReference; fileEncoding = 4; lastKnownFileType = sourcecode.swift; path = Modelo.swift; sourceTree = "<group>"; };
		DA19D0CB1CCA325C00270319 /* MainViewController.swift */ = {isa = PBXFileReference; fileEncoding = 4; lastKnownFileType = sourcecode.swift; path = MainViewController.swift; sourceTree = "<group>"; };
		DAE53A431CD27D6700B278C3 /* download-on-itunes-button.png */ = {isa = PBXFileReference; lastKnownFileType = image.png; path = "download-on-itunes-button.png"; sourceTree = "<group>"; };
/* End PBXFileReference section */

/* Begin PBXFrameworksBuildPhase section */
		DA19D0A91CCA05B800270319 /* Frameworks */ = {
			isa = PBXFrameworksBuildPhase;
			buildActionMask = 2147483647;
			files = (
			);
			runOnlyForDeploymentPostprocessing = 0;
		};
/* End PBXFrameworksBuildPhase section */

/* Begin PBXGroup section */
		DA19D0A31CCA05B800270319 = {
			isa = PBXGroup;
			children = (
				DA19D0AE1CCA05B800270319 /* SongApp */,
				DA19D0AD1CCA05B800270319 /* Products */,
			);
			sourceTree = "<group>";
		};
		DA19D0AD1CCA05B800270319 /* Products */ = {
			isa = PBXGroup;
			children = (
				DA19D0AC1CCA05B800270319 /* SongApp.app */,
			);
			name = Products;
			sourceTree = "<group>";
		};
		DA19D0AE1CCA05B800270319 /* SongApp */ = {
			isa = PBXGroup;
			children = (
				DAE53A421CD27D4A00B278C3 /* IMG */,
				DA19D0C71CCA159200270319 /* SongsTableViewCell.swift */,
				DA19D0AF1CCA05B800270319 /* AppDelegate.swift */,
				DA19D0B31CCA05B800270319 /* Main.storyboard */,
				DA19D0CB1CCA325C00270319 /* MainViewController.swift */,
				DA19D0C31CCA14E000270319 /* SongsTableViewController.swift */,
				DA19D0C91CCA190B00270319 /* Modelo.swift */,
				DA19D0B61CCA05B800270319 /* Assets.xcassets */,
				DA19D0B81CCA05B800270319 /* LaunchScreen.storyboard */,
				DA19D0BB1CCA05B800270319 /* Info.plist */,
				DA0CA9361CD6147E00B32C0E /* LICENSE */,
			);
			path = SongApp;
			sourceTree = "<group>";
		};
		DAE53A421CD27D4A00B278C3 /* IMG */ = {
			isa = PBXGroup;
			children = (
				DAE53A431CD27D6700B278C3 /* download-on-itunes-button.png */,
			);
			name = IMG;
			sourceTree = "<group>";
		};
/* End PBXGroup section */

/* Begin PBXNativeTarget section */
		DA19D0AB1CCA05B800270319 /* SongApp */ = {
			isa = PBXNativeTarget;
			buildConfigurationList = DA19D0BE1CCA05B800270319 /* Build configuration list for PBXNativeTarget "SongApp" */;
			buildPhases = (
				DA19D0A81CCA05B800270319 /* Sources */,
				DA19D0A91CCA05B800270319 /* Frameworks */,
				DA19D0AA1CCA05B800270319 /* Resources */,
			);
			buildRules = (
			);
			dependencies = (
			);
			name = SongApp;
			productName = SongApp;
			productReference = DA19D0AC1CCA05B800270319 /* SongApp.app */;
			productType = "com.apple.product-type.application";
		};
/* End PBXNativeTarget section */

/* Begin PBXProject section */
		DA19D0A41CCA05B800270319 /* Project object */ = {
			isa = PBXProject;
			attributes = {
				LastSwiftUpdateCheck = 0730;
				LastUpgradeCheck = 0730;
				ORGANIZATIONNAME = "Mikel Aguirre";
				TargetAttributes = {
					DA19D0AB1CCA05B800270319 = {
						CreatedOnToolsVersion = 7.3;
					};
				};
			};
			buildConfigurationList = DA19D0A71CCA05B800270319 /* Build configuration list for PBXProject "SongApp" */;
			compatibilityVersion = "Xcode 3.2";
			developmentRegion = English;
			hasScannedForEncodings = 0;
			knownRegions = (
				en,
				Base,
			);
			mainGroup = DA19D0A31CCA05B800270319;
			productRefGroup = DA19D0AD1CCA05B800270319 /* Products */;
			projectDirPath = "";
			projectRoot = "";
			targets = (
				DA19D0AB1CCA05B800270319 /* SongApp */,
			);
		};
/* End PBXProject section */

/* Begin PBXResourcesBuildPhase section */
		DA19D0AA1CCA05B800270319 /* Resources */ = {
			isa = PBXResourcesBuildPhase;
			buildActionMask = 2147483647;
			files = (
				DAE53A441CD27D6700B278C3 /* download-on-itunes-button.png in Resources */,
				DA19D0BA1CCA05B800270319 /* LaunchScreen.storyboard in Resources */,
				DA19D0B71CCA05B800270319 /* Assets.xcassets in Resources */,
				DA19D0B51CCA05B800270319 /* Main.storyboard in Resources */,
				DA0CA9371CD6147E00B32C0E /* LICENSE in Resources */,
			);
			runOnlyForDeploymentPostprocessing = 0;
		};
/* End PBXResourcesBuildPhase section */

/* Begin PBXSourcesBuildPhase section */
		DA19D0A81CCA05B800270319 /* Sources */ = {
			isa = PBXSourcesBuildPhase;
			buildActionMask = 2147483647;
			files = (
				DA19D0C81CCA159200270319 /* SongsTableViewCell.swift in Sources */,
				DA19D0C41CCA14E000270319 /* SongsTableViewController.swift in Sources */,
				DA19D0B01CCA05B800270319 /* AppDelegate.swift in Sources */,
				DA19D0CA1CCA190B00270319 /* Modelo.swift in Sources */,
				DA19D0CC1CCA325C00270319 /* MainViewController.swift in Sources */,
			);
			runOnlyForDeploymentPostprocessing = 0;
		};
/* End PBXSourcesBuildPhase section */

/* Begin PBXVariantGroup section */
		DA19D0B31CCA05B800270319 /* Main.storyboard */ = {
			isa = PBXVariantGroup;
			children = (
				DA19D0B41CCA05B800270319 /* Base */,
			);
			name = Main.storyboard;
			sourceTree = "<group>";
		};
		DA19D0B81CCA05B800270319 /* LaunchScreen.storyboard */ = {
			isa = PBXVariantGroup;
			children = (
				DA19D0B91CCA05B800270319 /* Base */,
			);
			name = LaunchScreen.storyboard;
			sourceTree = "<group>";
		};
/* End PBXVariantGroup section */

/* Begin XCBuildConfiguration section */
		DA19D0BC1CCA05B800270319 /* Debug */ = {
			isa = XCBuildConfiguration;
			buildSettings = {
				ALWAYS_SEARCH_USER_PATHS = NO;
				CLANG_ANALYZER_NONNULL = YES;
				CLANG_CXX_LANGUAGE_STANDARD = "gnu++0x";
				CLANG_CXX_LIBRARY = "libc++";
				CLANG_ENABLE_MODULES = YES;
				CLANG_ENABLE_OBJC_ARC = YES;
				CLANG_WARN_BOOL_CONVERSION = YES;
				CLANG_WARN_CONSTANT_CONVERSION = YES;
				CLANG_WARN_DIRECT_OBJC_ISA_USAGE = YES_ERROR;
				CLANG_WARN_EMPTY_BODY = YES;
				CLANG_WARN_ENUM_CONVERSION = YES;
				CLANG_WARN_INT_CONVERSION = YES;
				CLANG_WARN_OBJC_ROOT_CLASS = YES_ERROR;
				CLANG_WARN_UNREACHABLE_CODE = YES;
				CLANG_WARN__DUPLICATE_METHOD_MATCH = YES;
				"CODE_SIGN_IDENTITY[sdk=iphoneos*]" = "iPhone Developer";
				COPY_PHASE_STRIP = NO;
				DEBUG_INFORMATION_FORMAT = dwarf;
				ENABLE_STRICT_OBJC_MSGSEND = YES;
				ENABLE_TESTABILITY = YES;
				GCC_C_LANGUAGE_STANDARD = gnu99;
				GCC_DYNAMIC_NO_PIC = NO;
				GCC_NO_COMMON_BLOCKS = YES;
				GCC_OPTIMIZATION_LEVEL = 0;
				GCC_PREPROCESSOR_DEFINITIONS = (
					"DEBUG=1",
					"$(inherited)",
				);
				GCC_WARN_64_TO_32_BIT_CONVERSION = YES;
				GCC_WARN_ABOUT_RETURN_TYPE = YES_ERROR;
				GCC_WARN_UNDECLARED_SELECTOR = YES;
				GCC_WARN_UNINITIALIZED_AUTOS = YES_AGGRESSIVE;
				GCC_WARN_UNUSED_FUNCTION = YES;
				GCC_WARN_UNUSED_VARIABLE = YES;
				IPHONEOS_DEPLOYMENT_TARGET = 9.3;
				MTL_ENABLE_DEBUG_INFO = YES;
				ONLY_ACTIVE_ARCH = YES;
				SDKROOT = iphoneos;
				SWIFT_OPTIMIZATION_LEVEL = "-Onone";
			};
			name = Debug;
		};
		DA19D0BD1CCA05B800270319 /* Release */ = {
			isa = XCBuildConfiguration;
			buildSettings = {
				ALWAYS_SEARCH_USER_PATHS = NO;
				CLANG_ANALYZER_NONNULL = YES;
				CLANG_CXX_LANGUAGE_STANDARD = "gnu++0x";
				CLANG_CXX_LIBRARY = "libc++";
				CLANG_ENABLE_MODULES = YES;
				CLANG_ENABLE_OBJC_ARC = YES;
				CLANG_WARN_BOOL_CONVERSION = YES;
				CLANG_WARN_CONSTANT_CONVERSION = YES;
				CLANG_WARN_DIRECT_OBJC_ISA_USAGE = YES_ERROR;
				CLANG_WARN_EMPTY_BODY = YES;
				CLANG_WARN_ENUM_CONVERSION = YES;
				CLANG_WARN_INT_CONVERSION = YES;
				CLANG_WARN_OBJC_ROOT_CLASS = YES_ERROR;
				CLANG_WARN_UNREACHABLE_CODE = YES;
				CLANG_WARN__DUPLICATE_METHOD_MATCH = YES;
				"CODE_SIGN_IDENTITY[sdk=iphoneos*]" = "iPhone Developer";
				COPY_PHASE_STRIP = NO;
				DEBUG_INFORMATION_FORMAT = "dwarf-with-dsym";
				ENABLE_NS_ASSERTIONS = NO;
				ENABLE_STRICT_OBJC_MSGSEND = YES;
				GCC_C_LANGUAGE_STANDARD = gnu99;
				GCC_NO_COMMON_BLOCKS = YES;
				GCC_WARN_64_TO_32_BIT_CONVERSION = YES;
				GCC_WARN_ABOUT_RETURN_TYPE = YES_ERROR;
				GCC_WARN_UNDECLARED_SELECTOR = YES;
				GCC_WARN_UNINITIALIZED_AUTOS = YES_AGGRESSIVE;
				GCC_WARN_UNUSED_FUNCTION = YES;
				GCC_WARN_UNUSED_VARIABLE = YES;
				IPHONEOS_DEPLOYMENT_TARGET = 9.3;
				MTL_ENABLE_DEBUG_INFO = NO;
				SDKROOT = iphoneos;
				VALIDATE_PRODUCT = YES;
			};
			name = Release;
		};
		DA19D0BF1CCA05B800270319 /* Debug */ = {
			isa = XCBuildConfiguration;
			buildSettings = {
				ASSETCATALOG_COMPILER_APPICON_NAME = AppIcon;
				INFOPLIST_FILE = SongApp/Info.plist;
				LD_RUNPATH_SEARCH_PATHS = "$(inherited) @executable_path/Frameworks";
				PRODUCT_BUNDLE_IDENTIFIER = MAZ.SongApp;
				PRODUCT_NAME = "$(TARGET_NAME)";
			};
			name = Debug;
		};
		DA19D0C01CCA05B800270319 /* Release */ = {
			isa = XCBuildConfiguration;
			buildSettings = {
				ASSETCATALOG_COMPILER_APPICON_NAME = AppIcon;
				INFOPLIST_FILE = SongApp/Info.plist;
				LD_RUNPATH_SEARCH_PATHS = "$(inherited) @executable_path/Frameworks";
				PRODUCT_BUNDLE_IDENTIFIER = MAZ.SongApp;
				PRODUCT_NAME = "$(TARGET_NAME)";
			};
			name = Release;
		};
/* End XCBuildConfiguration section */

/* Begin XCConfigurationList section */
		DA19D0A71CCA05B800270319 /* Build configuration list for PBXProject "SongApp" */ = {
			isa = XCConfigurationList;
			buildConfigurations = (
				DA19D0BC1CCA05B800270319 /* Debug */,
				DA19D0BD1CCA05B800270319 /* Release */,
			);
			defaultConfigurationIsVisible = 0;
			defaultConfigurationName = Release;
		};
		DA19D0BE1CCA05B800270319 /* Build configuration list for PBXNativeTarget "SongApp" */ = {
			isa = XCConfigurationList;
			buildConfigurations = (
				DA19D0BF1CCA05B800270319 /* Debug */,
				DA19D0C01CCA05B800270319 /* Release */,
			);
			defaultConfigurationIsVisible = 0;
			defaultConfigurationName = Release;
		};
/* End XCConfigurationList section */
	};
	rootObject = DA19D0A41CCA05B800270319 /* Project object */;
}
